
Microsoft Visual Studio Solution File, Format Version 12.00
# Visual Studio Version 16
VisualStudioVersion = 16.0.30907.101
MinimumVisualStudioVersion = 15.0.26124.0
Project("{9A19103F-16F7-4668-BE54-9A1E7A4F7556}") = "BuilderProg", "BuilderProg\BuilderProg.csproj", "{2FCC140B-84DF-4758-AAD5-784CA91177ED}"
EndProject
Global
	GlobalSection(SolutionConfigurationPlatforms) = preSolution
		Debug|Any CPU = Debug|Any CPU
		Debug|x64 = Debug|x64
		Debug|x86 = Debug|x86
		Release|Any CPU = Release|Any CPU
		Release|x64 = Release|x64
		Release|x86 = Release|x86
	EndGlobalSection
	GlobalSection(ProjectConfigurationPlatforms) = postSolution
		{2FCC140B-84DF-4758-AAD5-784CA91177ED}.Debug|Any CPU.ActiveCfg = Debug|Any CPU
		{2FCC140B-84DF-4758-AAD5-784CA91177ED}.Debug|Any CPU.Build.0 = Debug|Any CPU
		{2FCC140B-84DF-4758-AAD5-784CA91177ED}.Debug|x64.ActiveCfg = Debug|Any CPU
		{2FCC140B-84DF-4758-AAD5-784CA91177ED}.Debug|x64.Build.0 = Debug|Any CPU
		{2FCC140B-84DF-4758-AAD5-784CA91177ED}.Debug|x86.ActiveCfg = Debug|Any CPU
		{2FCC140B-84DF-4758-AAD5-784CA91177ED}.Debug|x86.Build.0 = Debug|Any CPU
		{2FCC140B-84DF-4758-AAD5-784CA91177ED}.Release|Any CPU.ActiveCfg = Release|Any CPU
		{2FCC140B-84DF-4758-AAD5-784CA91177ED}.Release|Any CPU.Build.0 = Release|Any CPU
		{2FCC140B-84DF-4758-AAD5-784CA91177ED}.Release|x64.ActiveCfg = Release|Any CPU
		{2FCC140B-84DF-4758-AAD5-784CA91177ED}.Release|x64.Build.0 = Release|Any CPU
		{2FCC140B-84DF-4758-AAD5-784CA91177ED}.Release|x86.ActiveCfg = Release|Any CPU
		{2FCC140B-84DF-4758-AAD5-784CA91177ED}.Release|x86.Build.0 = Release|Any CPU
	EndGlobalSection
	GlobalSection(SolutionProperties) = preSolution
		HideSolutionNode = FALSE
	EndGlobalSection
	GlobalSection(ExtensibilityGlobals) = postSolution
		SolutionGuid = {50E6DFE8-FC8F-45C8-996B-B8A5917A1A5F}
	EndGlobalSection
EndGlobal
