
Microsoft Visual Studio Solution File, Format Version 12.00
# Visual Studio Version 16
VisualStudioVersion = 16.0.30907.101
MinimumVisualStudioVersion = 10.0.40219.1
Project("{9A19103F-16F7-4668-BE54-9A1E7A4F7556}") = "MainService", "MainService\MainService.csproj", "{EF3E7A7E-2BC5-4016-8A7C-5A7F04255E67}"
EndProject
Project("{9A19103F-16F7-4668-BE54-9A1E7A4F7556}") = "WorkerServiceProcessor", "WorkerServiceProcessor\WorkerServiceProcessor.csproj", "{703D554C-670F-40E7-BF3E-9EC6417E4C32}"
EndProject
Project("{9A19103F-16F7-4668-BE54-9A1E7A4F7556}") = "WorkerServiceHelper", "WorkerServiceHelper\WorkerServiceHelper.csproj", "{B6F5304B-783F-4D0E-98AA-FEC3663A265C}"
EndProject
Project("{E53339B2-1760-4266-BCC7-CA923CBCF16C}") = "docker-compose", "docker-compose.dcproj", "{42EBE28D-74A5-4EEF-9FD1-034DA0C5294C}"
EndProject
Project("{FAE04EC0-301F-11D3-BF4B-00C04F79EFBC}") = "Utils", "..\Utils\Utils.csproj", "{205CACF4-082C-45B1-B092-B30BA2D7E5E5}"
EndProject
Global
	GlobalSection(SolutionConfigurationPlatforms) = preSolution
		Debug|Any CPU = Debug|Any CPU
		Release|Any CPU = Release|Any CPU
	EndGlobalSection
	GlobalSection(ProjectConfigurationPlatforms) = postSolution
		{EF3E7A7E-2BC5-4016-8A7C-5A7F04255E67}.Debug|Any CPU.ActiveCfg = Debug|Any CPU
		{EF3E7A7E-2BC5-4016-8A7C-5A7F04255E67}.Debug|Any CPU.Build.0 = Debug|Any CPU
		{EF3E7A7E-2BC5-4016-8A7C-5A7F04255E67}.Release|Any CPU.ActiveCfg = Release|Any CPU
		{EF3E7A7E-2BC5-4016-8A7C-5A7F04255E67}.Release|Any CPU.Build.0 = Release|Any CPU
		{703D554C-670F-40E7-BF3E-9EC6417E4C32}.Debug|Any CPU.ActiveCfg = Debug|Any CPU
		{703D554C-670F-40E7-BF3E-9EC6417E4C32}.Debug|Any CPU.Build.0 = Debug|Any CPU
		{703D554C-670F-40E7-BF3E-9EC6417E4C32}.Release|Any CPU.ActiveCfg = Release|Any CPU
		{703D554C-670F-40E7-BF3E-9EC6417E4C32}.Release|Any CPU.Build.0 = Release|Any CPU
		{B6F5304B-783F-4D0E-98AA-FEC3663A265C}.Debug|Any CPU.ActiveCfg = Debug|Any CPU
		{B6F5304B-783F-4D0E-98AA-FEC3663A265C}.Debug|Any CPU.Build.0 = Debug|Any CPU
		{B6F5304B-783F-4D0E-98AA-FEC3663A265C}.Release|Any CPU.ActiveCfg = Release|Any CPU
		{B6F5304B-783F-4D0E-98AA-FEC3663A265C}.Release|Any CPU.Build.0 = Release|Any CPU
		{42EBE28D-74A5-4EEF-9FD1-034DA0C5294C}.Debug|Any CPU.ActiveCfg = Debug|Any CPU
		{42EBE28D-74A5-4EEF-9FD1-034DA0C5294C}.Debug|Any CPU.Build.0 = Debug|Any CPU
		{42EBE28D-74A5-4EEF-9FD1-034DA0C5294C}.Release|Any CPU.ActiveCfg = Release|Any CPU
		{42EBE28D-74A5-4EEF-9FD1-034DA0C5294C}.Release|Any CPU.Build.0 = Release|Any CPU
		{205CACF4-082C-45B1-B092-B30BA2D7E5E5}.Debug|Any CPU.ActiveCfg = Debug|Any CPU
		{205CACF4-082C-45B1-B092-B30BA2D7E5E5}.Debug|Any CPU.Build.0 = Debug|Any CPU
		{205CACF4-082C-45B1-B092-B30BA2D7E5E5}.Release|Any CPU.ActiveCfg = Release|Any CPU
		{205CACF4-082C-45B1-B092-B30BA2D7E5E5}.Release|Any CPU.Build.0 = Release|Any CPU
	EndGlobalSection
	GlobalSection(SolutionProperties) = preSolution
		HideSolutionNode = FALSE
	EndGlobalSection
	GlobalSection(ExtensibilityGlobals) = postSolution
		SolutionGuid = {F95BFB7B-A14B-460A-9885-BB98EB9F1A1D}
	EndGlobalSection
EndGlobal
